
Microsoft Visual Studio Solution File, Format Version 12.00
# Visual Studio Version 17
VisualStudioVersion = 17.14.36429.23
MinimumVisualStudioVersion = 10.0.40219.1
Project("{FAE04EC0-301F-11D3-BF4B-00C04F79EFBC}") = "FUNewsManagementSystem.Repository", "FUNewsManagementSystem.Repository\FUNewsManagementSystem.Repository.csproj", "{84E25933-FFD4-4FDB-9391-5064E5266243}"
EndProject
Project("{FAE04EC0-301F-11D3-BF4B-00C04F79EFBC}") = "FUNewsManagementSystem.Service", "FUNewsManagementSystem.Service\FUNewsManagementSystem.Service.csproj", "{E5C5D75B-850D-4742-A002-4529A908CFCC}"
EndProject
Project("{FAE04EC0-301F-11D3-BF4B-00C04F79EFBC}") = "FUNewsManagementSystem.API", "FUNewsManagementSystem.API\FUNewsManagementSystem.API.csproj", "{05B12965-BC22-4F8F-8D66-1045D4B69550}"
EndProject
Project("{E53339B2-1760-4266-BCC7-CA923CBCF16C}") = "docker-compose", "docker-compose.dcproj", "{81DDED9D-158B-E303-5F62-77A2896D2A5A}"
EndProject
Global
	GlobalSection(SolutionConfigurationPlatforms) = preSolution
		Debug|Any CPU = Debug|Any CPU
		Release|Any CPU = Release|Any CPU
	EndGlobalSection
	GlobalSection(ProjectConfigurationPlatforms) = postSolution
		{84E25933-FFD4-4FDB-9391-5064E5266243}.Debug|Any CPU.ActiveCfg = Debug|Any CPU
		{84E25933-FFD4-4FDB-9391-5064E5266243}.Debug|Any CPU.Build.0 = Debug|Any CPU
		{84E25933-FFD4-4FDB-9391-5064E5266243}.Release|Any CPU.ActiveCfg = Release|Any CPU
		{84E25933-FFD4-4FDB-9391-5064E5266243}.Release|Any CPU.Build.0 = Release|Any CPU
		{E5C5D75B-850D-4742-A002-4529A908CFCC}.Debug|Any CPU.ActiveCfg = Debug|Any CPU
		{E5C5D75B-850D-4742-A002-4529A908CFCC}.Debug|Any CPU.Build.0 = Debug|Any CPU
		{E5C5D75B-850D-4742-A002-4529A908CFCC}.Release|Any CPU.ActiveCfg = Release|Any CPU
		{E5C5D75B-850D-4742-A002-4529A908CFCC}.Release|Any CPU.Build.0 = Release|Any CPU
		{05B12965-BC22-4F8F-8D66-1045D4B69550}.Debug|Any CPU.ActiveCfg = Debug|Any CPU
		{05B12965-BC22-4F8F-8D66-1045D4B69550}.Debug|Any CPU.Build.0 = Debug|Any CPU
		{05B12965-BC22-4F8F-8D66-1045D4B69550}.Release|Any CPU.ActiveCfg = Release|Any CPU
		{05B12965-BC22-4F8F-8D66-1045D4B69550}.Release|Any CPU.Build.0 = Release|Any CPU
		{81DDED9D-158B-E303-5F62-77A2896D2A5A}.Debug|Any CPU.ActiveCfg = Debug|Any CPU
		{81DDED9D-158B-E303-5F62-77A2896D2A5A}.Debug|Any CPU.Build.0 = Debug|Any CPU
		{81DDED9D-158B-E303-5F62-77A2896D2A5A}.Release|Any CPU.ActiveCfg = Release|Any CPU
		{81DDED9D-158B-E303-5F62-77A2896D2A5A}.Release|Any CPU.Build.0 = Release|Any CPU
	EndGlobalSection
	GlobalSection(SolutionProperties) = preSolution
		HideSolutionNode = FALSE
	EndGlobalSection
	GlobalSection(ExtensibilityGlobals) = postSolution
		SolutionGuid = {115AA049-2F80-49B6-A28D-1C54FA64D8EA}
	EndGlobalSection
EndGlobal
